{
  "name": "asyncapi-viewer",
  "version": "1.0.0",
  "lockfileVersion": 2,
  "requires": true,
  "packages": {
    "": {
      "name": "asyncapi-viewer",
      "version": "1.0.0",
      "dependencies": {
        "html-to-image": "^1.11.1"
      },
      "devDependencies": {}
    },
    "node_modules/html-to-image": {
      "version": "1.11.1",
      "resolved": "https://registry.npmjs.org/html-to-image/-/html-to-image-1.11.1.tgz",
      "integrity": "sha512-W6ZXctQQfhFA2tCcDbK1jCywwT9Oo1ucyXwlxku3zHacyhLPeMhs+h2OLBNeoYrPSgzgeOqhhSs+MbEmL2fDLw=="
    }
  },
  "dependencies": {
    "html-to-image": {
      "version": "1.11.1",
      "resolved": "https://registry.npmjs.org/html-to-image/-/html-to-image-1.11.1.tgz",
      "integrity": "sha512-W6ZXctQQfhFA2tCcDbK1jCywwT9Oo1ucyXwlxku3zHacyhLPeMhs+h2OLBNeoYrPSgzgeOqhhSs+MbEmL2fDLw=="
    }
  }
}
